github.com/donniet/cec v0.0.0-20181103233317-c472bad81d48 h1:a1k/xcmfa4YN9+0PbGl6wXMwbtaKrZRseS75Pm4JQc0=
github.com/donniet/cec v0.0.0-20181103233317-c472bad81d48/go.mod h1:vLyMgX7mr+QHY8LPSTwBKRYT7eh3cFVW7QEP+JuFaV4=
github.com/gorilla/websocket v1.4.0 h1:WDFjx/TMzVgy9VdMMQi2K2Emtwi2QcUQsztZ/zLaH/Q=
github.com/gorilla/websocket v1.4.0/go.mod h1:E7qHFY5m1UJ88s3WnNqhKjPHQ0heANvMoAMk2YaljkQ=
